
Microsoft Visual Studio Solution File, Format Version 12.00
# Visual Studio Version 17
VisualStudioVersion = 17.3.32825.248
MinimumVisualStudioVersion = 10.0.40219.1
Project("{FAE04EC0-301F-11D3-BF4B-00C04F79EFBC}") = "CandidatesTracker.Web", "CandidatesTracker.Web\CandidatesTracker.Web.csproj", "{3E90F687-EF2A-4F45-BDB4-22AFB425848A}"
EndProject
Project("{FAE04EC0-301F-11D3-BF4B-00C04F79EFBC}") = "CandidatesTracker.Data", "CandidatesTracker.Data\CandidatesTracker.Data.csproj", "{992C9513-BDD2-4681-8E95-238CE5A062B8}"
EndProject
Global
	GlobalSection(SolutionConfigurationPlatforms) = preSolution
		Debug|Any CPU = Debug|Any CPU
		Release|Any CPU = Release|Any CPU
	EndGlobalSection
	GlobalSection(ProjectConfigurationPlatforms) = postSolution
		{3E90F687-EF2A-4F45-BDB4-22AFB425848A}.Debug|Any CPU.ActiveCfg = Debug|Any CPU
		{3E90F687-EF2A-4F45-BDB4-22AFB425848A}.Debug|Any CPU.Build.0 = Debug|Any CPU
		{3E90F687-EF2A-4F45-BDB4-22AFB425848A}.Release|Any CPU.ActiveCfg = Release|Any CPU
		{3E90F687-EF2A-4F45-BDB4-22AFB425848A}.Release|Any CPU.Build.0 = Release|Any CPU
		{992C9513-BDD2-4681-8E95-238CE5A062B8}.Debug|Any CPU.ActiveCfg = Debug|Any CPU
		{992C9513-BDD2-4681-8E95-238CE5A062B8}.Debug|Any CPU.Build.0 = Debug|Any CPU
		{992C9513-BDD2-4681-8E95-238CE5A062B8}.Release|Any CPU.ActiveCfg = Release|Any CPU
		{992C9513-BDD2-4681-8E95-238CE5A062B8}.Release|Any CPU.Build.0 = Release|Any CPU
	EndGlobalSection
	GlobalSection(SolutionProperties) = preSolution
		HideSolutionNode = FALSE
	EndGlobalSection
	GlobalSection(ExtensibilityGlobals) = postSolution
		SolutionGuid = {A973B5F9-784B-47AF-A8CD-75949D03F867}
	EndGlobalSection
EndGlobal
